
Microsoft Visual Studio Solution File, Format Version 12.00
# Visual Studio Version 17
VisualStudioVersion = 17.10.35013.160
MinimumVisualStudioVersion = 10.0.40219.1
Project("{FAE04EC0-301F-11D3-BF4B-00C04F79EFBC}") = "ConsoleApp4", "ConsoleApp4\ConsoleApp4.csproj", "{9536870F-4669-49F4-8470-3BB25E7EA821}"
EndProject
Global
	GlobalSection(SolutionConfigurationPlatforms) = preSolution
		Debug|Any CPU = Debug|Any CPU
		Release|Any CPU = Release|Any CPU
	EndGlobalSection
	GlobalSection(ProjectConfigurationPlatforms) = postSolution
		{9536870F-4669-49F4-8470-3BB25E7EA821}.Debug|Any CPU.ActiveCfg = Debug|Any CPU
		{9536870F-4669-49F4-8470-3BB25E7EA821}.Debug|Any CPU.Build.0 = Debug|Any CPU
		{9536870F-4669-49F4-8470-3BB25E7EA821}.Release|Any CPU.ActiveCfg = Release|Any CPU
		{9536870F-4669-49F4-8470-3BB25E7EA821}.Release|Any CPU.Build.0 = Release|Any CPU
	EndGlobalSection
	GlobalSection(SolutionProperties) = preSolution
		HideSolutionNode = FALSE
	EndGlobalSection
	GlobalSection(ExtensibilityGlobals) = postSolution
		SolutionGuid = {7B580BA8-AA9C-4C60-8FD2-00C0DFE78526}
	EndGlobalSection
EndGlobal
